
Microsoft Visual Studio Solution File, Format Version 12.00
# Visual Studio Version 17
VisualStudioVersion = 17.10.34928.147
MinimumVisualStudioVersion = 10.0.40219.1
Project("{FAE04EC0-301F-11D3-BF4B-00C04F79EFBC}") = "MyCoreAPP", "MyCoreAPP\MyCoreAPP.csproj", "{1AB668FF-1726-476C-AE46-54463052B5D0}"
EndProject
Global
	GlobalSection(SolutionConfigurationPlatforms) = preSolution
		Debug|Any CPU = Debug|Any CPU
		Release|Any CPU = Release|Any CPU
	EndGlobalSection
	GlobalSection(ProjectConfigurationPlatforms) = postSolution
		{1AB668FF-1726-476C-AE46-54463052B5D0}.Debug|Any CPU.ActiveCfg = Debug|Any CPU
		{1AB668FF-1726-476C-AE46-54463052B5D0}.Debug|Any CPU.Build.0 = Debug|Any CPU
		{1AB668FF-1726-476C-AE46-54463052B5D0}.Release|Any CPU.ActiveCfg = Release|Any CPU
		{1AB668FF-1726-476C-AE46-54463052B5D0}.Release|Any CPU.Build.0 = Release|Any CPU
	EndGlobalSection
	GlobalSection(SolutionProperties) = preSolution
		HideSolutionNode = FALSE
	EndGlobalSection
	GlobalSection(ExtensibilityGlobals) = postSolution
		SolutionGuid = {5CA491B9-5AF2-4593-8F56-AAA8D73B130B}
	EndGlobalSection
EndGlobal
